
Microsoft Visual Studio Solution File, Format Version 12.00
# Visual Studio Version 16
VisualStudioVersion = 16.0.31702.278
MinimumVisualStudioVersion = 10.0.40219.1
Project("{9A19103F-16F7-4668-BE54-9A1E7A4F7556}") = "TestConsoleOfChess", "TestConsoleOfChess.csproj", "{CBB6276E-2925-43D0-A01E-71EB4DE95560}"
EndProject
Project("{9A19103F-16F7-4668-BE54-9A1E7A4F7556}") = "Chess", "..\Chess\Chess.csproj", "{9EF45ABF-C018-487B-B547-FA5410EE3BF4}"
EndProject
Project("{9A19103F-16F7-4668-BE54-9A1E7A4F7556}") = "DataLayer", "..\DataLayer\DataLayer.csproj", "{014D6F50-0EE3-445C-8923-5094B4EF900F}"
EndProject
Project("{FAE04EC0-301F-11D3-BF4B-00C04F79EFBC}") = "ConsoleFromDL", "..\ConsoleFromDL\ConsoleFromDL.csproj", "{02C5133B-13E4-4609-B7D7-C8A15948DFEE}"
	ProjectSection(ProjectDependencies) = postProject
		{014D6F50-0EE3-445C-8923-5094B4EF900F} = {014D6F50-0EE3-445C-8923-5094B4EF900F}
	EndProjectSection
EndProject
Global
	GlobalSection(SolutionConfigurationPlatforms) = preSolution
		Debug|Any CPU = Debug|Any CPU
		Release|Any CPU = Release|Any CPU
	EndGlobalSection
	GlobalSection(ProjectConfigurationPlatforms) = postSolution
		{CBB6276E-2925-43D0-A01E-71EB4DE95560}.Debug|Any CPU.ActiveCfg = Debug|Any CPU
		{CBB6276E-2925-43D0-A01E-71EB4DE95560}.Debug|Any CPU.Build.0 = Debug|Any CPU
		{CBB6276E-2925-43D0-A01E-71EB4DE95560}.Release|Any CPU.ActiveCfg = Release|Any CPU
		{CBB6276E-2925-43D0-A01E-71EB4DE95560}.Release|Any CPU.Build.0 = Release|Any CPU
		{9EF45ABF-C018-487B-B547-FA5410EE3BF4}.Debug|Any CPU.ActiveCfg = Debug|Any CPU
		{9EF45ABF-C018-487B-B547-FA5410EE3BF4}.Debug|Any CPU.Build.0 = Debug|Any CPU
		{9EF45ABF-C018-487B-B547-FA5410EE3BF4}.Release|Any CPU.ActiveCfg = Release|Any CPU
		{9EF45ABF-C018-487B-B547-FA5410EE3BF4}.Release|Any CPU.Build.0 = Release|Any CPU
		{014D6F50-0EE3-445C-8923-5094B4EF900F}.Debug|Any CPU.ActiveCfg = Debug|Any CPU
		{014D6F50-0EE3-445C-8923-5094B4EF900F}.Debug|Any CPU.Build.0 = Debug|Any CPU
		{014D6F50-0EE3-445C-8923-5094B4EF900F}.Release|Any CPU.ActiveCfg = Release|Any CPU
		{014D6F50-0EE3-445C-8923-5094B4EF900F}.Release|Any CPU.Build.0 = Release|Any CPU
		{02C5133B-13E4-4609-B7D7-C8A15948DFEE}.Debug|Any CPU.ActiveCfg = Debug|Any CPU
		{02C5133B-13E4-4609-B7D7-C8A15948DFEE}.Debug|Any CPU.Build.0 = Debug|Any CPU
		{02C5133B-13E4-4609-B7D7-C8A15948DFEE}.Release|Any CPU.ActiveCfg = Release|Any CPU
		{02C5133B-13E4-4609-B7D7-C8A15948DFEE}.Release|Any CPU.Build.0 = Release|Any CPU
	EndGlobalSection
	GlobalSection(SolutionProperties) = preSolution
		HideSolutionNode = FALSE
	EndGlobalSection
	GlobalSection(ExtensibilityGlobals) = postSolution
		SolutionGuid = {D81A8C2F-B6B6-40D3-BE2F-AA1FE4AB95BF}
	EndGlobalSection
EndGlobal
